
Microsoft Visual Studio Solution File, Format Version 12.00
# Visual Studio 2013
VisualStudioVersion = 12.0.30501.0
MinimumVisualStudioVersion = 10.0.40219.1
Project("{FAE04EC0-301F-11D3-BF4B-00C04F79EFBC}") = "CentrosDeportivos", "CentrosDeportivos\CentrosDeportivos.csproj", "{4CBB105F-6B95-4583-BFDB-D1D2887E2B09}"
EndProject
Project("{FAE04EC0-301F-11D3-BF4B-00C04F79EFBC}") = "CentrosDeportivos.Tests", "CentrosDeportivos.Tests\CentrosDeportivos.Tests.csproj", "{3C9F3BCE-B185-4078-B112-2DF4C7548591}"
EndProject
Global
	GlobalSection(SolutionConfigurationPlatforms) = preSolution
		Debug|Any CPU = Debug|Any CPU
		Release|Any CPU = Release|Any CPU
	EndGlobalSection
	GlobalSection(ProjectConfigurationPlatforms) = postSolution
		{4CBB105F-6B95-4583-BFDB-D1D2887E2B09}.Debug|Any CPU.ActiveCfg = Debug|Any CPU
		{4CBB105F-6B95-4583-BFDB-D1D2887E2B09}.Debug|Any CPU.Build.0 = Debug|Any CPU
		{4CBB105F-6B95-4583-BFDB-D1D2887E2B09}.Release|Any CPU.ActiveCfg = Release|Any CPU
		{4CBB105F-6B95-4583-BFDB-D1D2887E2B09}.Release|Any CPU.Build.0 = Release|Any CPU
		{3C9F3BCE-B185-4078-B112-2DF4C7548591}.Debug|Any CPU.ActiveCfg = Debug|Any CPU
		{3C9F3BCE-B185-4078-B112-2DF4C7548591}.Debug|Any CPU.Build.0 = Debug|Any CPU
		{3C9F3BCE-B185-4078-B112-2DF4C7548591}.Release|Any CPU.ActiveCfg = Release|Any CPU
		{3C9F3BCE-B185-4078-B112-2DF4C7548591}.Release|Any CPU.Build.0 = Release|Any CPU
	EndGlobalSection
	GlobalSection(SolutionProperties) = preSolution
		HideSolutionNode = FALSE
	EndGlobalSection
EndGlobal
